
Microsoft Visual Studio Solution File, Format Version 12.00
# Visual Studio Version 17
VisualStudioVersion = 17.6.33801.468
MinimumVisualStudioVersion = 10.0.40219.1
Project("{FAE04EC0-301F-11D3-BF4B-00C04F79EFBC}") = "AlunosAPI", "AlunosAPI.csproj", "{A8BDFF2C-D788-4E04-8221-901789CA75AD}"
EndProject
Global
	GlobalSection(SolutionConfigurationPlatforms) = preSolution
		Debug|Any CPU = Debug|Any CPU
		Release|Any CPU = Release|Any CPU
	EndGlobalSection
	GlobalSection(ProjectConfigurationPlatforms) = postSolution
		{A8BDFF2C-D788-4E04-8221-901789CA75AD}.Debug|Any CPU.ActiveCfg = Debug|Any CPU
		{A8BDFF2C-D788-4E04-8221-901789CA75AD}.Debug|Any CPU.Build.0 = Debug|Any CPU
		{A8BDFF2C-D788-4E04-8221-901789CA75AD}.Release|Any CPU.ActiveCfg = Release|Any CPU
		{A8BDFF2C-D788-4E04-8221-901789CA75AD}.Release|Any CPU.Build.0 = Release|Any CPU
	EndGlobalSection
	GlobalSection(SolutionProperties) = preSolution
		HideSolutionNode = FALSE
	EndGlobalSection
	GlobalSection(ExtensibilityGlobals) = postSolution
		SolutionGuid = {7FA693F6-2745-471E-B09C-944C59DD6091}
	EndGlobalSection
EndGlobal
